
Microsoft Visual Studio Solution File, Format Version 12.00
# Visual Studio Version 17
VisualStudioVersion = 17.14.36518.9 d17.14
MinimumVisualStudioVersion = 10.0.40219.1
Project("{FAE04EC0-301F-11D3-BF4B-00C04F79EFBC}") = "JwtAuthDotNet9", "JwtAuthDotNet9\JwtAuthDotNet9.csproj", "{59A439C6-9FAB-4A2A-AA6E-84295B1D8554}"
EndProject
Global
	GlobalSection(SolutionConfigurationPlatforms) = preSolution
		Debug|Any CPU = Debug|Any CPU
		Release|Any CPU = Release|Any CPU
	EndGlobalSection
	GlobalSection(ProjectConfigurationPlatforms) = postSolution
		{59A439C6-9FAB-4A2A-AA6E-84295B1D8554}.Debug|Any CPU.ActiveCfg = Debug|Any CPU
		{59A439C6-9FAB-4A2A-AA6E-84295B1D8554}.Debug|Any CPU.Build.0 = Debug|Any CPU
		{59A439C6-9FAB-4A2A-AA6E-84295B1D8554}.Release|Any CPU.ActiveCfg = Release|Any CPU
		{59A439C6-9FAB-4A2A-AA6E-84295B1D8554}.Release|Any CPU.Build.0 = Release|Any CPU
	EndGlobalSection
	GlobalSection(SolutionProperties) = preSolution
		HideSolutionNode = FALSE
	EndGlobalSection
	GlobalSection(ExtensibilityGlobals) = postSolution
		SolutionGuid = {36EF857A-7C1C-4772-8B4C-38A514518243}
	EndGlobalSection
EndGlobal
